
Microsoft Visual Studio Solution File, Format Version 12.00
# Visual Studio Version 16
VisualStudioVersion = 16.0.30717.126
MinimumVisualStudioVersion = 10.0.40219.1
Project("{FAE04EC0-301F-11D3-BF4B-00C04F79EFBC}") = "HelloWorld", "src\ConsoleApp1\HelloWorld.csproj", "{5C318714-48D6-40BA-9C6B-5281563C9612}"
EndProject
Global
	GlobalSection(SolutionConfigurationPlatforms) = preSolution
		Debug|Any CPU = Debug|Any CPU
		Release|Any CPU = Release|Any CPU
	EndGlobalSection
	GlobalSection(ProjectConfigurationPlatforms) = postSolution
		{5C318714-48D6-40BA-9C6B-5281563C9612}.Debug|Any CPU.ActiveCfg = Debug|Any CPU
		{5C318714-48D6-40BA-9C6B-5281563C9612}.Debug|Any CPU.Build.0 = Debug|Any CPU
		{5C318714-48D6-40BA-9C6B-5281563C9612}.Release|Any CPU.ActiveCfg = Release|Any CPU
		{5C318714-48D6-40BA-9C6B-5281563C9612}.Release|Any CPU.Build.0 = Release|Any CPU
	EndGlobalSection
	GlobalSection(SolutionProperties) = preSolution
		HideSolutionNode = FALSE
	EndGlobalSection
	GlobalSection(ExtensibilityGlobals) = postSolution
		SolutionGuid = {702E76F9-D2B6-408C-857B-522A5BFC7D03}
	EndGlobalSection
EndGlobal
